
Microsoft Visual Studio Solution File, Format Version 11.00
# Visual Studio 2010
Project("{8BC9CEB8-8B4A-11D0-8D11-00A0C91BC942}") = "aire", "aire.vcxproj", "{56920200-2AD2-480A-8976-0AD00287A7A9}"
EndProject
Project("{8BC9CEB8-8B4A-11D0-8D11-00A0C91BC942}") = "WatchTest", "test\WatchTest.vcxproj", "{85ADC281-0FAF-4790-A619-B683EE4B9DBE}"
EndProject
Project("{8BC9CEB8-8B4A-11D0-8D11-00A0C91BC942}") = "BlameTest", "test\BlameTest.vcxproj", "{D5BEB476-B0DA-4F30-85D7-7260A516270C}"
EndProject
Project("{8BC9CEB8-8B4A-11D0-8D11-00A0C91BC942}") = "ThreadTest", "test\ThreadTest.vcxproj", "{E5EEDCCC-EE57-4EED-8775-A9B1E8CE3DAA}"
EndProject
Project("{8BC9CEB8-8B4A-11D0-8D11-00A0C91BC942}") = "SystemTest", "test\SystemTest.vcxproj", "{33B15C61-C424-445A-88BD-5E6383FDEDA3}"
EndProject
Global
	GlobalSection(SolutionConfigurationPlatforms) = preSolution
		Debug|Win32 = Debug|Win32
		Release|Win32 = Release|Win32
	EndGlobalSection
	GlobalSection(ProjectConfigurationPlatforms) = postSolution
		{56920200-2AD2-480A-8976-0AD00287A7A9}.Debug|Win32.ActiveCfg = Debug|Win32
		{56920200-2AD2-480A-8976-0AD00287A7A9}.Debug|Win32.Build.0 = Debug|Win32
		{56920200-2AD2-480A-8976-0AD00287A7A9}.Release|Win32.ActiveCfg = Release|Win32
		{56920200-2AD2-480A-8976-0AD00287A7A9}.Release|Win32.Build.0 = Release|Win32
		{85ADC281-0FAF-4790-A619-B683EE4B9DBE}.Debug|Win32.ActiveCfg = Debug|Win32
		{85ADC281-0FAF-4790-A619-B683EE4B9DBE}.Debug|Win32.Build.0 = Debug|Win32
		{85ADC281-0FAF-4790-A619-B683EE4B9DBE}.Release|Win32.ActiveCfg = Release|Win32
		{85ADC281-0FAF-4790-A619-B683EE4B9DBE}.Release|Win32.Build.0 = Release|Win32
		{D5BEB476-B0DA-4F30-85D7-7260A516270C}.Debug|Win32.ActiveCfg = Debug|Win32
		{D5BEB476-B0DA-4F30-85D7-7260A516270C}.Debug|Win32.Build.0 = Debug|Win32
		{D5BEB476-B0DA-4F30-85D7-7260A516270C}.Release|Win32.ActiveCfg = Release|Win32
		{D5BEB476-B0DA-4F30-85D7-7260A516270C}.Release|Win32.Build.0 = Release|Win32
		{E5EEDCCC-EE57-4EED-8775-A9B1E8CE3DAA}.Debug|Win32.ActiveCfg = Debug|Win32
		{E5EEDCCC-EE57-4EED-8775-A9B1E8CE3DAA}.Debug|Win32.Build.0 = Debug|Win32
		{E5EEDCCC-EE57-4EED-8775-A9B1E8CE3DAA}.Release|Win32.ActiveCfg = Release|Win32
		{E5EEDCCC-EE57-4EED-8775-A9B1E8CE3DAA}.Release|Win32.Build.0 = Release|Win32
		{33B15C61-C424-445A-88BD-5E6383FDEDA3}.Debug|Win32.ActiveCfg = Debug|Win32
		{33B15C61-C424-445A-88BD-5E6383FDEDA3}.Debug|Win32.Build.0 = Debug|Win32
		{33B15C61-C424-445A-88BD-5E6383FDEDA3}.Release|Win32.ActiveCfg = Release|Win32
		{33B15C61-C424-445A-88BD-5E6383FDEDA3}.Release|Win32.Build.0 = Release|Win32
	EndGlobalSection
	GlobalSection(SolutionProperties) = preSolution
		HideSolutionNode = FALSE
	EndGlobalSection
EndGlobal
